
Microsoft Visual Studio Solution File, Format Version 12.00
# Visual Studio Version 17
VisualStudioVersion = 17.9.34622.214
MinimumVisualStudioVersion = 10.0.40219.1
Project("{FAE04EC0-301F-11D3-BF4B-00C04F79EFBC}") = "TestDemoMVC", "TestDemoMVC\TestDemoMVC.csproj", "{C1A32022-A20E-4BF5-B244-AFFF823B729E}"
EndProject
Global
	GlobalSection(SolutionConfigurationPlatforms) = preSolution
		Debug|Any CPU = Debug|Any CPU
		Release|Any CPU = Release|Any CPU
	EndGlobalSection
	GlobalSection(ProjectConfigurationPlatforms) = postSolution
		{C1A32022-A20E-4BF5-B244-AFFF823B729E}.Debug|Any CPU.ActiveCfg = Debug|Any CPU
		{C1A32022-A20E-4BF5-B244-AFFF823B729E}.Debug|Any CPU.Build.0 = Debug|Any CPU
		{C1A32022-A20E-4BF5-B244-AFFF823B729E}.Release|Any CPU.ActiveCfg = Release|Any CPU
		{C1A32022-A20E-4BF5-B244-AFFF823B729E}.Release|Any CPU.Build.0 = Release|Any CPU
	EndGlobalSection
	GlobalSection(SolutionProperties) = preSolution
		HideSolutionNode = FALSE
	EndGlobalSection
	GlobalSection(ExtensibilityGlobals) = postSolution
		SolutionGuid = {EFD89C9D-2EAC-4DF2-B65E-F6F18F7CEBC3}
	EndGlobalSection
EndGlobal
